
Microsoft Visual Studio Solution File, Format Version 12.00
# Visual Studio Version 16
VisualStudioVersion = 16.0.29920.165
MinimumVisualStudioVersion = 10.0.40219.1
Project("{FAE04EC0-301F-11D3-BF4B-00C04F79EFBC}") = "CommandSample.UWP", "CommandSample\CommandSample.UWP\CommandSample.UWP.csproj", "{8EC64683-F693-41B3-988B-AA4FF2E0C0B1}"
EndProject
Project("{FAE04EC0-301F-11D3-BF4B-00C04F79EFBC}") = "CommandSample.Android", "CommandSample\CommandSample.Android\CommandSample.Android.csproj", "{B0FA96E4-5763-4051-BE35-A1A41E68A4F5}"
EndProject
Project("{FAE04EC0-301F-11D3-BF4B-00C04F79EFBC}") = "CommandSample.iOS", "CommandSample\CommandSample.iOS\CommandSample.iOS.csproj", "{73DEDD3A-C077-4E80-8B29-2CF339809907}"
EndProject
Project("{FAE04EC0-301F-11D3-BF4B-00C04F79EFBC}") = "CommandSample", "CommandSample\CommandSample\CommandSample.csproj", "{78DE42B1-AD21-49FE-A00C-B11AFC393CEB}"
EndProject
Global
	GlobalSection(SolutionConfigurationPlatforms) = preSolution
		Debug|Any CPU = Debug|Any CPU
		Debug|ARM = Debug|ARM
		Debug|iPhone = Debug|iPhone
		Debug|iPhoneSimulator = Debug|iPhoneSimulator
		Debug|x64 = Debug|x64
		Debug|x86 = Debug|x86
		Release|Any CPU = Release|Any CPU
		Release|ARM = Release|ARM
		Release|iPhone = Release|iPhone
		Release|iPhoneSimulator = Release|iPhoneSimulator
		Release|x64 = Release|x64
		Release|x86 = Release|x86
	EndGlobalSection
	GlobalSection(ProjectConfigurationPlatforms) = postSolution
		{8EC64683-F693-41B3-988B-AA4FF2E0C0B1}.Debug|Any CPU.ActiveCfg = Debug|x86
		{8EC64683-F693-41B3-988B-AA4FF2E0C0B1}.Debug|Any CPU.Build.0 = Debug|x86
		{8EC64683-F693-41B3-988B-AA4FF2E0C0B1}.Debug|Any CPU.Deploy.0 = Debug|x86
		{8EC64683-F693-41B3-988B-AA4FF2E0C0B1}.Debug|ARM.ActiveCfg = Debug|ARM
		{8EC64683-F693-41B3-988B-AA4FF2E0C0B1}.Debug|ARM.Build.0 = Debug|ARM
		{8EC64683-F693-41B3-988B-AA4FF2E0C0B1}.Debug|ARM.Deploy.0 = Debug|ARM
		{8EC64683-F693-41B3-988B-AA4FF2E0C0B1}.Debug|iPhone.ActiveCfg = Debug|x86
		{8EC64683-F693-41B3-988B-AA4FF2E0C0B1}.Debug|iPhone.Build.0 = Debug|x86
		{8EC64683-F693-41B3-988B-AA4FF2E0C0B1}.Debug|iPhone.Deploy.0 = Debug|x86
		{8EC64683-F693-41B3-988B-AA4FF2E0C0B1}.Debug|iPhoneSimulator.ActiveCfg = Debug|x86
		{8EC64683-F693-41B3-988B-AA4FF2E0C0B1}.Debug|iPhoneSimulator.Build.0 = Debug|x86
		{8EC64683-F693-41B3-988B-AA4FF2E0C0B1}.Debug|iPhoneSimulator.Deploy.0 = Debug|x86
		{8EC64683-F693-41B3-988B-AA4FF2E0C0B1}.Debug|x64.ActiveCfg = Debug|x64
		{8EC64683-F693-41B3-988B-AA4FF2E0C0B1}.Debug|x64.Build.0 = Debug|x64
		{8EC64683-F693-41B3-988B-AA4FF2E0C0B1}.Debug|x64.Deploy.0 = Debug|x64
		{8EC64683-F693-41B3-988B-AA4FF2E0C0B1}.Debug|x86.ActiveCfg = Debug|x86
		{8EC64683-F693-41B3-988B-AA4FF2E0C0B1}.Debug|x86.Build.0 = Debug|x86
		{8EC64683-F693-41B3-988B-AA4FF2E0C0B1}.Debug|x86.Deploy.0 = Debug|x86
		{8EC64683-F693-41B3-988B-AA4FF2E0C0B1}.Release|Any CPU.ActiveCfg = Release|x86
		{8EC64683-F693-41B3-988B-AA4FF2E0C0B1}.Release|Any CPU.Build.0 = Release|x86
		{8EC64683-F693-41B3-988B-AA4FF2E0C0B1}.Release|Any CPU.Deploy.0 = Release|x86
		{8EC64683-F693-41B3-988B-AA4FF2E0C0B1}.Release|ARM.ActiveCfg = Release|ARM
		{8EC64683-F693-41B3-988B-AA4FF2E0C0B1}.Release|ARM.Build.0 = Release|ARM
		{8EC64683-F693-41B3-988B-AA4FF2E0C0B1}.Release|ARM.Deploy.0 = Release|ARM
		{8EC64683-F693-41B3-988B-AA4FF2E0C0B1}.Release|iPhone.ActiveCfg = Release|x86
		{8EC64683-F693-41B3-988B-AA4FF2E0C0B1}.Release|iPhone.Build.0 = Release|x86
		{8EC64683-F693-41B3-988B-AA4FF2E0C0B1}.Release|iPhone.Deploy.0 = Release|x86
		{8EC64683-F693-41B3-988B-AA4FF2E0C0B1}.Release|iPhoneSimulator.ActiveCfg = Release|x86
		{8EC64683-F693-41B3-988B-AA4FF2E0C0B1}.Release|iPhoneSimulator.Build.0 = Release|x86
		{8EC64683-F693-41B3-988B-AA4FF2E0C0B1}.Release|iPhoneSimulator.Deploy.0 = Release|x86
		{8EC64683-F693-41B3-988B-AA4FF2E0C0B1}.Release|x64.ActiveCfg = Release|x64
		{8EC64683-F693-41B3-988B-AA4FF2E0C0B1}.Release|x64.Build.0 = Release|x64
		{8EC64683-F693-41B3-988B-AA4FF2E0C0B1}.Release|x64.Deploy.0 = Release|x64
		{8EC64683-F693-41B3-988B-AA4FF2E0C0B1}.Release|x86.ActiveCfg = Release|x86
		{8EC64683-F693-41B3-988B-AA4FF2E0C0B1}.Release|x86.Build.0 = Release|x86
		{8EC64683-F693-41B3-988B-AA4FF2E0C0B1}.Release|x86.Deploy.0 = Release|x86
		{B0FA96E4-5763-4051-BE35-A1A41E68A4F5}.Debug|Any CPU.ActiveCfg = Debug|Any CPU
		{B0FA96E4-5763-4051-BE35-A1A41E68A4F5}.Debug|Any CPU.Build.0 = Debug|Any CPU
		{B0FA96E4-5763-4051-BE35-A1A41E68A4F5}.Debug|Any CPU.Deploy.0 = Debug|Any CPU
		{B0FA96E4-5763-4051-BE35-A1A41E68A4F5}.Debug|ARM.ActiveCfg = Debug|Any CPU
		{B0FA96E4-5763-4051-BE35-A1A41E68A4F5}.Debug|ARM.Build.0 = Debug|Any CPU
		{B0FA96E4-5763-4051-BE35-A1A41E68A4F5}.Debug|ARM.Deploy.0 = Debug|Any CPU
		{B0FA96E4-5763-4051-BE35-A1A41E68A4F5}.Debug|iPhone.ActiveCfg = Debug|Any CPU
		{B0FA96E4-5763-4051-BE35-A1A41E68A4F5}.Debug|iPhone.Build.0 = Debug|Any CPU
		{B0FA96E4-5763-4051-BE35-A1A41E68A4F5}.Debug|iPhone.Deploy.0 = Debug|Any CPU
		{B0FA96E4-5763-4051-BE35-A1A41E68A4F5}.Debug|iPhoneSimulator.ActiveCfg = Debug|Any CPU
		{B0FA96E4-5763-4051-BE35-A1A41E68A4F5}.Debug|iPhoneSimulator.Build.0 = Debug|Any CPU
		{B0FA96E4-5763-4051-BE35-A1A41E68A4F5}.Debug|iPhoneSimulator.Deploy.0 = Debug|Any CPU
		{B0FA96E4-5763-4051-BE35-A1A41E68A4F5}.Debug|x64.ActiveCfg = Debug|Any CPU
		{B0FA96E4-5763-4051-BE35-A1A41E68A4F5}.Debug|x64.Build.0 = Debug|Any CPU
		{B0FA96E4-5763-4051-BE35-A1A41E68A4F5}.Debug|x64.Deploy.0 = Debug|Any CPU
		{B0FA96E4-5763-4051-BE35-A1A41E68A4F5}.Debug|x86.ActiveCfg = Debug|Any CPU
		{B0FA96E4-5763-4051-BE35-A1A41E68A4F5}.Debug|x86.Build.0 = Debug|Any CPU
		{B0FA96E4-5763-4051-BE35-A1A41E68A4F5}.Debug|x86.Deploy.0 = Debug|Any CPU
		{B0FA96E4-5763-4051-BE35-A1A41E68A4F5}.Release|Any CPU.ActiveCfg = Release|Any CPU
		{B0FA96E4-5763-4051-BE35-A1A41E68A4F5}.Release|Any CPU.Build.0 = Release|Any CPU
		{B0FA96E4-5763-4051-BE35-A1A41E68A4F5}.Release|Any CPU.Deploy.0 = Release|Any CPU
		{B0FA96E4-5763-4051-BE35-A1A41E68A4F5}.Release|ARM.ActiveCfg = Release|Any CPU
		{B0FA96E4-5763-4051-BE35-A1A41E68A4F5}.Release|ARM.Build.0 = Release|Any CPU
		{B0FA96E4-5763-4051-BE35-A1A41E68A4F5}.Release|ARM.Deploy.0 = Release|Any CPU
		{B0FA96E4-5763-4051-BE35-A1A41E68A4F5}.Release|iPhone.ActiveCfg = Release|Any CPU
		{B0FA96E4-5763-4051-BE35-A1A41E68A4F5}.Release|iPhone.Build.0 = Release|Any CPU
		{B0FA96E4-5763-4051-BE35-A1A41E68A4F5}.Release|iPhone.Deploy.0 = Release|Any CPU
		{B0FA96E4-5763-4051-BE35-A1A41E68A4F5}.Release|iPhoneSimulator.ActiveCfg = Release|Any CPU
		{B0FA96E4-5763-4051-BE35-A1A41E68A4F5}.Release|iPhoneSimulator.Build.0 = Release|Any CPU
		{B0FA96E4-5763-4051-BE35-A1A41E68A4F5}.Release|iPhoneSimulator.Deploy.0 = Release|Any CPU
		{B0FA96E4-5763-4051-BE35-A1A41E68A4F5}.Release|x64.ActiveCfg = Release|Any CPU
		{B0FA96E4-5763-4051-BE35-A1A41E68A4F5}.Release|x64.Build.0 = Release|Any CPU
		{B0FA96E4-5763-4051-BE35-A1A41E68A4F5}.Release|x64.Deploy.0 = Release|Any CPU
		{B0FA96E4-5763-4051-BE35-A1A41E68A4F5}.Release|x86.ActiveCfg = Release|Any CPU
		{B0FA96E4-5763-4051-BE35-A1A41E68A4F5}.Release|x86.Build.0 = Release|Any CPU
		{B0FA96E4-5763-4051-BE35-A1A41E68A4F5}.Release|x86.Deploy.0 = Release|Any CPU
		{73DEDD3A-C077-4E80-8B29-2CF339809907}.Debug|Any CPU.ActiveCfg = Debug|iPhone
		{73DEDD3A-C077-4E80-8B29-2CF339809907}.Debug|Any CPU.Build.0 = Debug|iPhone
		{73DEDD3A-C077-4E80-8B29-2CF339809907}.Debug|Any CPU.Deploy.0 = Debug|iPhone
		{73DEDD3A-C077-4E80-8B29-2CF339809907}.Debug|ARM.ActiveCfg = Debug|iPhone
		{73DEDD3A-C077-4E80-8B29-2CF339809907}.Debug|ARM.Build.0 = Debug|iPhone
		{73DEDD3A-C077-4E80-8B29-2CF339809907}.Debug|ARM.Deploy.0 = Debug|iPhone
		{73DEDD3A-C077-4E80-8B29-2CF339809907}.Debug|iPhone.ActiveCfg = Debug|iPhone
		{73DEDD3A-C077-4E80-8B29-2CF339809907}.Debug|iPhone.Build.0 = Debug|iPhone
		{73DEDD3A-C077-4E80-8B29-2CF339809907}.Debug|iPhone.Deploy.0 = Debug|iPhone
		{73DEDD3A-C077-4E80-8B29-2CF339809907}.Debug|iPhoneSimulator.ActiveCfg = Debug|iPhoneSimulator
		{73DEDD3A-C077-4E80-8B29-2CF339809907}.Debug|iPhoneSimulator.Build.0 = Debug|iPhoneSimulator
		{73DEDD3A-C077-4E80-8B29-2CF339809907}.Debug|iPhoneSimulator.Deploy.0 = Debug|iPhoneSimulator
		{73DEDD3A-C077-4E80-8B29-2CF339809907}.Debug|x64.ActiveCfg = Debug|iPhone
		{73DEDD3A-C077-4E80-8B29-2CF339809907}.Debug|x64.Build.0 = Debug|iPhone
		{73DEDD3A-C077-4E80-8B29-2CF339809907}.Debug|x64.Deploy.0 = Debug|iPhone
		{73DEDD3A-C077-4E80-8B29-2CF339809907}.Debug|x86.ActiveCfg = Debug|iPhone
		{73DEDD3A-C077-4E80-8B29-2CF339809907}.Debug|x86.Build.0 = Debug|iPhone
		{73DEDD3A-C077-4E80-8B29-2CF339809907}.Debug|x86.Deploy.0 = Debug|iPhone
		{73DEDD3A-C077-4E80-8B29-2CF339809907}.Release|Any CPU.ActiveCfg = Release|iPhone
		{73DEDD3A-C077-4E80-8B29-2CF339809907}.Release|Any CPU.Build.0 = Release|iPhone
		{73DEDD3A-C077-4E80-8B29-2CF339809907}.Release|Any CPU.Deploy.0 = Release|iPhone
		{73DEDD3A-C077-4E80-8B29-2CF339809907}.Release|ARM.ActiveCfg = Release|iPhone
		{73DEDD3A-C077-4E80-8B29-2CF339809907}.Release|ARM.Build.0 = Release|iPhone
		{73DEDD3A-C077-4E80-8B29-2CF339809907}.Release|ARM.Deploy.0 = Release|iPhone
		{73DEDD3A-C077-4E80-8B29-2CF339809907}.Release|iPhone.ActiveCfg = Release|iPhone
		{73DEDD3A-C077-4E80-8B29-2CF339809907}.Release|iPhone.Build.0 = Release|iPhone
		{73DEDD3A-C077-4E80-8B29-2CF339809907}.Release|iPhone.Deploy.0 = Release|iPhone
		{73DEDD3A-C077-4E80-8B29-2CF339809907}.Release|iPhoneSimulator.ActiveCfg = Release|iPhoneSimulator
		{73DEDD3A-C077-4E80-8B29-2CF339809907}.Release|iPhoneSimulator.Build.0 = Release|iPhoneSimulator
		{73DEDD3A-C077-4E80-8B29-2CF339809907}.Release|iPhoneSimulator.Deploy.0 = Release|iPhoneSimulator
		{73DEDD3A-C077-4E80-8B29-2CF339809907}.Release|x64.ActiveCfg = Release|iPhone
		{73DEDD3A-C077-4E80-8B29-2CF339809907}.Release|x64.Build.0 = Release|iPhone
		{73DEDD3A-C077-4E80-8B29-2CF339809907}.Release|x64.Deploy.0 = Release|iPhone
		{73DEDD3A-C077-4E80-8B29-2CF339809907}.Release|x86.ActiveCfg = Release|iPhone
		{73DEDD3A-C077-4E80-8B29-2CF339809907}.Release|x86.Build.0 = Release|iPhone
		{73DEDD3A-C077-4E80-8B29-2CF339809907}.Release|x86.Deploy.0 = Release|iPhone
		{78DE42B1-AD21-49FE-A00C-B11AFC393CEB}.Debug|Any CPU.ActiveCfg = Debug|Any CPU
		{78DE42B1-AD21-49FE-A00C-B11AFC393CEB}.Debug|Any CPU.Build.0 = Debug|Any CPU
		{78DE42B1-AD21-49FE-A00C-B11AFC393CEB}.Debug|Any CPU.Deploy.0 = Debug|Any CPU
		{78DE42B1-AD21-49FE-A00C-B11AFC393CEB}.Debug|ARM.ActiveCfg = Debug|Any CPU
		{78DE42B1-AD21-49FE-A00C-B11AFC393CEB}.Debug|ARM.Build.0 = Debug|Any CPU
		{78DE42B1-AD21-49FE-A00C-B11AFC393CEB}.Debug|ARM.Deploy.0 = Debug|Any CPU
		{78DE42B1-AD21-49FE-A00C-B11AFC393CEB}.Debug|iPhone.ActiveCfg = Debug|Any CPU
		{78DE42B1-AD21-49FE-A00C-B11AFC393CEB}.Debug|iPhone.Build.0 = Debug|Any CPU
		{78DE42B1-AD21-49FE-A00C-B11AFC393CEB}.Debug|iPhone.Deploy.0 = Debug|Any CPU
		{78DE42B1-AD21-49FE-A00C-B11AFC393CEB}.Debug|iPhoneSimulator.ActiveCfg = Debug|Any CPU
		{78DE42B1-AD21-49FE-A00C-B11AFC393CEB}.Debug|iPhoneSimulator.Build.0 = Debug|Any CPU
		{78DE42B1-AD21-49FE-A00C-B11AFC393CEB}.Debug|iPhoneSimulator.Deploy.0 = Debug|Any CPU
		{78DE42B1-AD21-49FE-A00C-B11AFC393CEB}.Debug|x64.ActiveCfg = Debug|Any CPU
		{78DE42B1-AD21-49FE-A00C-B11AFC393CEB}.Debug|x64.Build.0 = Debug|Any CPU
		{78DE42B1-AD21-49FE-A00C-B11AFC393CEB}.Debug|x64.Deploy.0 = Debug|Any CPU
		{78DE42B1-AD21-49FE-A00C-B11AFC393CEB}.Debug|x86.ActiveCfg = Debug|Any CPU
		{78DE42B1-AD21-49FE-A00C-B11AFC393CEB}.Debug|x86.Build.0 = Debug|Any CPU
		{78DE42B1-AD21-49FE-A00C-B11AFC393CEB}.Debug|x86.Deploy.0 = Debug|Any CPU
		{78DE42B1-AD21-49FE-A00C-B11AFC393CEB}.Release|Any CPU.ActiveCfg = Release|Any CPU
		{78DE42B1-AD21-49FE-A00C-B11AFC393CEB}.Release|Any CPU.Build.0 = Release|Any CPU
		{78DE42B1-AD21-49FE-A00C-B11AFC393CEB}.Release|Any CPU.Deploy.0 = Release|Any CPU
		{78DE42B1-AD21-49FE-A00C-B11AFC393CEB}.Release|ARM.ActiveCfg = Release|Any CPU
		{78DE42B1-AD21-49FE-A00C-B11AFC393CEB}.Release|ARM.Build.0 = Release|Any CPU
		{78DE42B1-AD21-49FE-A00C-B11AFC393CEB}.Release|ARM.Deploy.0 = Release|Any CPU
		{78DE42B1-AD21-49FE-A00C-B11AFC393CEB}.Release|iPhone.ActiveCfg = Release|Any CPU
		{78DE42B1-AD21-49FE-A00C-B11AFC393CEB}.Release|iPhone.Build.0 = Release|Any CPU
		{78DE42B1-AD21-49FE-A00C-B11AFC393CEB}.Release|iPhone.Deploy.0 = Release|Any CPU
		{78DE42B1-AD21-49FE-A00C-B11AFC393CEB}.Release|iPhoneSimulator.ActiveCfg = Release|Any CPU
		{78DE42B1-AD21-49FE-A00C-B11AFC393CEB}.Release|iPhoneSimulator.Build.0 = Release|Any CPU
		{78DE42B1-AD21-49FE-A00C-B11AFC393CEB}.Release|iPhoneSimulator.Deploy.0 = Release|Any CPU
		{78DE42B1-AD21-49FE-A00C-B11AFC393CEB}.Release|x64.ActiveCfg = Release|Any CPU
		{78DE42B1-AD21-49FE-A00C-B11AFC393CEB}.Release|x64.Build.0 = Release|Any CPU
		{78DE42B1-AD21-49FE-A00C-B11AFC393CEB}.Release|x64.Deploy.0 = Release|Any CPU
		{78DE42B1-AD21-49FE-A00C-B11AFC393CEB}.Release|x86.ActiveCfg = Release|Any CPU
		{78DE42B1-AD21-49FE-A00C-B11AFC393CEB}.Release|x86.Build.0 = Release|Any CPU
		{78DE42B1-AD21-49FE-A00C-B11AFC393CEB}.Release|x86.Deploy.0 = Release|Any CPU
	EndGlobalSection
	GlobalSection(SolutionProperties) = preSolution
		HideSolutionNode = FALSE
	EndGlobalSection
	GlobalSection(ExtensibilityGlobals) = postSolution
		SolutionGuid = {D482BA31-2F68-4319-97C2-7325D12F47AF}
	EndGlobalSection
EndGlobal
